// !$*UTF8*$!
{
	archiveVersion = 1;
	classes = {
	};
	objectVersion = 55;
	objects = {

/* Begin PBXBuildFile section */
		3EF66CBD278D5CFD00E48C09 /* AppDelegate.swift in Sources */ = {isa = PBXBuildFile; fileRef = 3EF66CBC278D5CFD00E48C09 /* AppDelegate.swift */; };
		3EF66CBF278D5CFD00E48C09 /* SceneDelegate.swift in Sources */ = {isa = PBXBuildFile; fileRef = 3EF66CBE278D5CFD00E48C09 /* SceneDelegate.swift */; };
		3EF66CC1278D5CFD00E48C09 /* ViewController.swift in Sources */ = {isa = PBXBuildFile; fileRef = 3EF66CC0278D5CFD00E48C09 /* ViewController.swift */; };
		3EF66CC4278D5CFD00E48C09 /* Main.storyboard in Resources */ = {isa = PBXBuildFile; fileRef = 3EF66CC2278D5CFD00E48C09 /* Main.storyboard */; };
		3EF66CC6278D5CFE00E48C09 /* Assets.xcassets in Resources */ = {isa = PBXBuildFile; fileRef = 3EF66CC5278D5CFE00E48C09 /* Assets.xcassets */; };
		3EF66CC9278D5CFE00E48C09 /* LaunchScreen.storyboard in Resources */ = {isa = PBXBuildFile; fileRef = 3EF66CC7278D5CFE00E48C09 /* LaunchScreen.storyboard */; };
		3EF66CD2278D5D4500E48C09 /* TweeTextField in Frameworks */ = {isa = PBXBuildFile; productRef = 3EF66CD1278D5D4500E48C09 /* TweeTextField */; };
/* End PBXBuildFile section */

/* Begin PBXFileReference section */
		3EF66CB9278D5CFD00E48C09 /* TweetTextField.app */ = {isa = PBXFileReference; explicitFileType = wrapper.application; includeInIndex = 0; path = TweetTextField.app; sourceTree = BUILT_PRODUCTS_DIR; };
		3EF66CBC278D5CFD00E48C09 /* AppDelegate.swift */ = {isa = PBXFileReference; lastKnownFileType = sourcecode.swift; path = AppDelegate.swift; sourceTree = "<group>"; };
		3EF66CBE278D5CFD00E48C09 /* SceneDelegate.swift */ = {isa = PBXFileReference; lastKnownFileType = sourcecode.swift; path = SceneDelegate.swift; sourceTree = "<group>"; };
		3EF66CC0278D5CFD00E48C09 /* ViewController.swift */ = {isa = PBXFileReference; lastKnownFileType = sourcecode.swift; path = ViewController.swift; sourceTree = "<group>"; };
		3EF66CC3278D5CFD00E48C09 /* Base */ = {isa = PBXFileReference; lastKnownFileType = file.storyboard; name = Base; path = Base.lproj/Main.storyboard; sourceTree = "<group>"; };
		3EF66CC5278D5CFE00E48C09 /* Assets.xcassets */ = {isa = PBXFileReference; lastKnownFileType = folder.assetcatalog; path = Assets.xcassets; sourceTree = "<group>"; };
		3EF66CC8278D5CFE00E48C09 /* Base */ = {isa = PBXFileReference; lastKnownFileType = file.storyboard; name = Base; path = Base.lproj/LaunchScreen.storyboard; sourceTree = "<group>"; };
		3EF66CCA278D5CFE00E48C09 /* Info.plist */ = {isa = PBXFileReference; lastKnownFileType = text.plist.xml; path = Info.plist; sourceTree = "<group>"; };
/* End PBXFileReference section */

/* Begin PBXFrameworksBuildPhase section */
		3EF66CB6278D5CFD00E48C09 /* Frameworks */ = {
			isa = PBXFrameworksBuildPhase;
			buildActionMask = 2147483647;
			files = (
				3EF66CD2278D5D4500E48C09 /* TweeTextField in Frameworks */,
			);
			runOnlyForDeploymentPostprocessing = 0;
		};
/* End PBXFrameworksBuildPhase section */

/* Begin PBXGroup section */
		3EF66CB0278D5CFD00E48C09 = {
			isa = PBXGroup;
			children = (
				3EF66CBB278D5CFD00E48C09 /* TweetTextField */,
				3EF66CBA278D5CFD00E48C09 /* Products */,
			);
			sourceTree = "<group>";
		};
		3EF66CBA278D5CFD00E48C09 /* Products */ = {
			isa = PBXGroup;
			children = (
				3EF66CB9278D5CFD00E48C09 /* TweetTextField.app */,
			);
			name = Products;
			sourceTree = "<group>";
		};
		3EF66CBB278D5CFD00E48C09 /* TweetTextField */ = {
			isa = PBXGroup;
			children = (
				3EF66CBC278D5CFD00E48C09 /* AppDelegate.swift */,
				3EF66CBE278D5CFD00E48C09 /* SceneDelegate.swift */,
				3EF66CC0278D5CFD00E48C09 /* ViewController.swift */,
				3EF66CC2278D5CFD00E48C09 /* Main.storyboard */,
				3EF66CC5278D5CFE00E48C09 /* Assets.xcassets */,
				3EF66CC7278D5CFE00E48C09 /* LaunchScreen.storyboard */,
				3EF66CCA278D5CFE00E48C09 /* Info.plist */,
			);
			path = TweetTextField;
			sourceTree = "<group>";
		};
/* End PBXGroup section */

/* Begin PBXNativeTarget section */
		3EF66CB8278D5CFD00E48C09 /* TweetTextField */ = {
			isa = PBXNativeTarget;
			buildConfigurationList = 3EF66CCD278D5CFE00E48C09 /* Build configuration list for PBXNativeTarget "TweetTextField" */;
			buildPhases = (
				3EF66CB5278D5CFD00E48C09 /* Sources */,
				3EF66CB6278D5CFD00E48C09 /* Frameworks */,
				3EF66CB7278D5CFD00E48C09 /* Resources */,
			);
			buildRules = (
			);
			dependencies = (
			);
			name = TweetTextField;
			packageProductDependencies = (
				3EF66CD1278D5D4500E48C09 /* TweeTextField */,
			);
			productName = TweetTextField;
			productReference = 3EF66CB9278D5CFD00E48C09 /* TweetTextField.app */;
			productType = "com.apple.product-type.application";
		};
/* End PBXNativeTarget section */

/* Begin PBXProject section */
		3EF66CB1278D5CFD00E48C09 /* Project object */ = {
			isa = PBXProject;
			attributes = {
				BuildIndependentTargetsInParallel = 1;
				LastSwiftUpdateCheck = 1320;
				LastUpgradeCheck = 1320;
				TargetAttributes = {
					3EF66CB8278D5CFD00E48C09 = {
						CreatedOnToolsVersion = 13.2.1;
					};
				};
			};
			buildConfigurationList = 3EF66CB4278D5CFD00E48C09 /* Build configuration list for PBXProject "TweetTextField" */;
			compatibilityVersion = "Xcode 13.0";
			developmentRegion = en;
			hasScannedForEncodings = 0;
			knownRegions = (
				en,
				Base,
			);
			mainGroup = 3EF66CB0278D5CFD00E48C09;
			packageReferences = (
				3EF66CD0278D5D4500E48C09 /* XCRemoteSwiftPackageReference "TweeTextField" */,
			);
			productRefGroup = 3EF66CBA278D5CFD00E48C09 /* Products */;
			projectDirPath = "";
			projectRoot = "";
			targets = (
				3EF66CB8278D5CFD00E48C09 /* TweetTextField */,
			);
		};
/* End PBXProject section */

/* Begin PBXResourcesBuildPhase section */
		3EF66CB7278D5CFD00E48C09 /* Resources */ = {
			isa = PBXResourcesBuildPhase;
			buildActionMask = 2147483647;
			files = (
				3EF66CC9278D5CFE00E48C09 /* LaunchScreen.storyboard in Resources */,
				3EF66CC6278D5CFE00E48C09 /* Assets.xcassets in Resources */,
				3EF66CC4278D5CFD00E48C09 /* Main.storyboard in Resources */,
			);
			runOnlyForDeploymentPostprocessing = 0;
		};
/* End PBXResourcesBuildPhase section */

/* Begin PBXSourcesBuildPhase section */
		3EF66CB5278D5CFD00E48C09 /* Sources */ = {
			isa = PBXSourcesBuildPhase;
			buildActionMask = 2147483647;
			files = (
				3EF66CC1278D5CFD00E48C09 /* ViewController.swift in Sources */,
				3EF66CBD278D5CFD00E48C09 /* AppDelegate.swift in Sources */,
				3EF66CBF278D5CFD00E48C09 /* SceneDelegate.swift in Sources */,
			);
			runOnlyForDeploymentPostprocessing = 0;
		};
/* End PBXSourcesBuildPhase section */

/* Begin PBXVariantGroup section */
		3EF66CC2278D5CFD00E48C09 /* Main.storyboard */ = {
			isa = PBXVariantGroup;
			children = (
				3EF66CC3278D5CFD00E48C09 /* Base */,
			);
			name = Main.storyboard;
			sourceTree = "<group>";
		};
		3EF66CC7278D5CFE00E48C09 /* LaunchScreen.storyboard */ = {
			isa = PBXVariantGroup;
			children = (
				3EF66CC8278D5CFE00E48C09 /* Base */,
			);
			name = LaunchScreen.storyboard;
			sourceTree = "<group>";
		};
/* End PBXVariantGroup section */

/* Begin XCBuildConfiguration section */
		3EF66CCB278D5CFE00E48C09 /* Debug */ = {
			isa = XCBuildConfiguration;
			buildSettings = {
				ALWAYS_SEARCH_USER_PATHS = NO;
				CLANG_ANALYZER_NONNULL = YES;
				CLANG_ANALYZER_NUMBER_OBJECT_CONVERSION = YES_AGGRESSIVE;
				CLANG_CXX_LANGUAGE_STANDARD = "gnu++17";
				CLANG_CXX_LIBRARY = "libc++";
				CLANG_ENABLE_MODULES = YES;
				CLANG_ENABLE_OBJC_ARC = YES;
				CLANG_ENABLE_OBJC_WEAK = YES;
				CLANG_WARN_BLOCK_CAPTURE_AUTORELEASING = YES;
				CLANG_WARN_BOOL_CONVERSION = YES;
				CLANG_WARN_COMMA = YES;
				CLANG_WARN_CONSTANT_CONVERSION = YES;
				CLANG_WARN_DEPRECATED_OBJC_IMPLEMENTATIONS = YES;
				CLANG_WARN_DIRECT_OBJC_ISA_USAGE = YES_ERROR;
				CLANG_WARN_DOCUMENTATION_COMMENTS = YES;
				CLANG_WARN_EMPTY_BODY = YES;
				CLANG_WARN_ENUM_CONVERSION = YES;
				CLANG_WARN_INFINITE_RECURSION = YES;
				CLANG_WARN_INT_CONVERSION = YES;
				CLANG_WARN_NON_LITERAL_NULL_CONVERSION = YES;
				CLANG_WARN_OBJC_IMPLICIT_RETAIN_SELF = YES;
				CLANG_WARN_OBJC_LITERAL_CONVERSION = YES;
				CLANG_WARN_OBJC_ROOT_CLASS = YES_ERROR;
				CLANG_WARN_QUOTED_INCLUDE_IN_FRAMEWORK_HEADER = YES;
				CLANG_WARN_RANGE_LOOP_ANALYSIS = YES;
				CLANG_WARN_STRICT_PROTOTYPES = YES;
				CLANG_WARN_SUSPICIOUS_MOVE = YES;
				CLANG_WARN_UNGUARDED_AVAILABILITY = YES_AGGRESSIVE;
				CLANG_WARN_UNREACHABLE_CODE = YES;
				CLANG_WARN__DUPLICATE_METHOD_MATCH = YES;
				COPY_PHASE_STRIP = NO;
				DEBUG_INFORMATION_FORMAT = dwarf;
				ENABLE_STRICT_OBJC_MSGSEND = YES;
				ENABLE_TESTABILITY = YES;
				GCC_C_LANGUAGE_STANDARD = gnu11;
				GCC_DYNAMIC_NO_PIC = NO;
				GCC_NO_COMMON_BLOCKS = YES;
				GCC_OPTIMIZATION_LEVEL = 0;
				GCC_PREPROCESSOR_DEFINITIONS = (
					"DEBUG=1",
					"$(inherited)",
				);
				GCC_WARN_64_TO_32_BIT_CONVERSION = YES;
				GCC_WARN_ABOUT_RETURN_TYPE = YES_ERROR;
				GCC_WARN_UNDECLARED_SELECTOR = YES;
				GCC_WARN_UNINITIALIZED_AUTOS = YES_AGGRESSIVE;
				GCC_WARN_UNUSED_FUNCTION = YES;
				GCC_WARN_UNUSED_VARIABLE = YES;
				IPHONEOS_DEPLOYMENT_TARGET = 15.2;
				MTL_ENABLE_DEBUG_INFO = INCLUDE_SOURCE;
				MTL_FAST_MATH = YES;
				ONLY_ACTIVE_ARCH = YES;
				SDKROOT = iphoneos;
				SWIFT_ACTIVE_COMPILATION_CONDITIONS = DEBUG;
				SWIFT_OPTIMIZATION_LEVEL = "-Onone";
			};
			name = Debug;
		};
		3EF66CCC278D5CFE00E48C09 /* Release */ = {
			isa = XCBuildConfiguration;
			buildSettings = {
				ALWAYS_SEARCH_USER_PATHS = NO;
				CLANG_ANALYZER_NONNULL = YES;
				CLANG_ANALYZER_NUMBER_OBJECT_CONVERSION = YES_AGGRESSIVE;
				CLANG_CXX_LANGUAGE_STANDARD = "gnu++17";
				CLANG_CXX_LIBRARY = "libc++";
				CLANG_ENABLE_MODULES = YES;
				CLANG_ENABLE_OBJC_ARC = YES;
				CLANG_ENABLE_OBJC_WEAK = YES;
				CLANG_WARN_BLOCK_CAPTURE_AUTORELEASING = YES;
				CLANG_WARN_BOOL_CONVERSION = YES;
				CLANG_WARN_COMMA = YES;
				CLANG_WARN_CONSTANT_CONVERSION = YES;
				CLANG_WARN_DEPRECATED_OBJC_IMPLEMENTATIONS = YES;
				CLANG_WARN_DIRECT_OBJC_ISA_USAGE = YES_ERROR;
				CLANG_WARN_DOCUMENTATION_COMMENTS = YES;
				CLANG_WARN_EMPTY_BODY = YES;
				CLANG_WARN_ENUM_CONVERSION = YES;
				CLANG_WARN_INFINITE_RECURSION = YES;
				CLANG_WARN_INT_CONVERSION = YES;
				CLANG_WARN_NON_LITERAL_NULL_CONVERSION = YES;
				CLANG_WARN_OBJC_IMPLICIT_RETAIN_SELF = YES;
				CLANG_WARN_OBJC_LITERAL_CONVERSION = YES;
				CLANG_WARN_OBJC_ROOT_CLASS = YES_ERROR;
				CLANG_WARN_QUOTED_INCLUDE_IN_FRAMEWORK_HEADER = YES;
				CLANG_WARN_RANGE_LOOP_ANALYSIS = YES;
				CLANG_WARN_STRICT_PROTOTYPES = YES;
				CLANG_WARN_SUSPICIOUS_MOVE = YES;
				CLANG_WARN_UNGUARDED_AVAILABILITY = YES_AGGRESSIVE;
				CLANG_WARN_UNREACHABLE_CODE = YES;
				CLANG_WARN__DUPLICATE_METHOD_MATCH = YES;
				COPY_PHASE_STRIP = NO;
				DEBUG_INFORMATION_FORMAT = "dwarf-with-dsym";
				ENABLE_NS_ASSERTIONS = NO;
				ENABLE_STRICT_OBJC_MSGSEND = YES;
				GCC_C_LANGUAGE_STANDARD = gnu11;
				GCC_NO_COMMON_BLOCKS = YES;
				GCC_WARN_64_TO_32_BIT_CONVERSION = YES;
				GCC_WARN_ABOUT_RETURN_TYPE = YES_ERROR;
				GCC_WARN_UNDECLARED_SELECTOR = YES;
				GCC_WARN_UNINITIALIZED_AUTOS = YES_AGGRESSIVE;
				GCC_WARN_UNUSED_FUNCTION = YES;
				GCC_WARN_UNUSED_VARIABLE = YES;
				IPHONEOS_DEPLOYMENT_TARGET = 15.2;
				MTL_ENABLE_DEBUG_INFO = NO;
				MTL_FAST_MATH = YES;
				SDKROOT = iphoneos;
				SWIFT_COMPILATION_MODE = wholemodule;
				SWIFT_OPTIMIZATION_LEVEL = "-O";
				VALIDATE_PRODUCT = YES;
			};
			name = Release;
		};
		3EF66CCE278D5CFE00E48C09 /* Debug */ = {
			isa = XCBuildConfiguration;
			buildSettings = {
				ASSETCATALOG_COMPILER_APPICON_NAME = AppIcon;
				ASSETCATALOG_COMPILER_GLOBAL_ACCENT_COLOR_NAME = AccentColor;
				CODE_SIGN_STYLE = Automatic;
				CURRENT_PROJECT_VERSION = 1;
				DEVELOPMENT_TEAM = BR8CN8N4Y6;
				GENERATE_INFOPLIST_FILE = YES;
				INFOPLIST_FILE = TweetTextField/Info.plist;
				INFOPLIST_KEY_UIApplicationSupportsIndirectInputEvents = YES;
				INFOPLIST_KEY_UILaunchStoryboardName = LaunchScreen;
				INFOPLIST_KEY_UIMainStoryboardFile = Main;
				INFOPLIST_KEY_UISupportedInterfaceOrientations_iPad = "UIInterfaceOrientationPortrait UIInterfaceOrientationPortraitUpsideDown UIInterfaceOrientationLandscapeLeft UIInterfaceOrientationLandscapeRight";
				INFOPLIST_KEY_UISupportedInterfaceOrientations_iPhone = "UIInterfaceOrientationPortrait UIInterfaceOrientationLandscapeLeft UIInterfaceOrientationLandscapeRight";
				LD_RUNPATH_SEARCH_PATHS = (
					"$(inherited)",
					"@executable_path/Frameworks",
				);
				MARKETING_VERSION = 1.0;
				PRODUCT_BUNDLE_IDENTIFIER = com.SeongMinK.TweetTextField;
				PRODUCT_NAME = "$(TARGET_NAME)";
				SWIFT_EMIT_LOC_STRINGS = YES;
				SWIFT_VERSION = 5.0;
				TARGETED_DEVICE_FAMILY = "1,2";
			};
			name = Debug;
		};
		3EF66CCF278D5CFE00E48C09 /* Release */ = {
			isa = XCBuildConfiguration;
			buildSettings = {
				ASSETCATALOG_COMPILER_APPICON_NAME = AppIcon;
				ASSETCATALOG_COMPILER_GLOBAL_ACCENT_COLOR_NAME = AccentColor;
				CODE_SIGN_STYLE = Automatic;
				CURRENT_PROJECT_VERSION = 1;
				DEVELOPMENT_TEAM = BR8CN8N4Y6;
				GENERATE_INFOPLIST_FILE = YES;
				INFOPLIST_FILE = TweetTextField/Info.plist;
				INFOPLIST_KEY_UIApplicationSupportsIndirectInputEvents = YES;
				INFOPLIST_KEY_UILaunchStoryboardName = LaunchScreen;
				INFOPLIST_KEY_UIMainStoryboardFile = Main;
				INFOPLIST_KEY_UISupportedInterfaceOrientations_iPad = "UIInterfaceOrientationPortrait UIInterfaceOrientationPortraitUpsideDown UIInterfaceOrientationLandscapeLeft UIInterfaceOrientationLandscapeRight";
				INFOPLIST_KEY_UISupportedInterfaceOrientations_iPhone = "UIInterfaceOrientationPortrait UIInterfaceOrientationLandscapeLeft UIInterfaceOrientationLandscapeRight";
				LD_RUNPATH_SEARCH_PATHS = (
					"$(inherited)",
					"@executable_path/Frameworks",
				);
				MARKETING_VERSION = 1.0;
				PRODUCT_BUNDLE_IDENTIFIER = com.SeongMinK.TweetTextField;
				PRODUCT_NAME = "$(TARGET_NAME)";
				SWIFT_EMIT_LOC_STRINGS = YES;
				SWIFT_VERSION = 5.0;
				TARGETED_DEVICE_FAMILY = "1,2";
			};
			name = Release;
		};
/* End XCBuildConfiguration section */

/* Begin XCConfigurationList section */
		3EF66CB4278D5CFD00E48C09 /* Build configuration list for PBXProject "TweetTextField" */ = {
			isa = XCConfigurationList;
			buildConfigurations = (
				3EF66CCB278D5CFE00E48C09 /* Debug */,
				3EF66CCC278D5CFE00E48C09 /* Release */,
			);
			defaultConfigurationIsVisible = 0;
			defaultConfigurationName = Release;
		};
		3EF66CCD278D5CFE00E48C09 /* Build configuration list for PBXNativeTarget "TweetTextField" */ = {
			isa = XCConfigurationList;
			buildConfigurations = (
				3EF66CCE278D5CFE00E48C09 /* Debug */,
				3EF66CCF278D5CFE00E48C09 /* Release */,
			);
			defaultConfigurationIsVisible = 0;
			defaultConfigurationName = Release;
		};
/* End XCConfigurationList section */

/* Begin XCRemoteSwiftPackageReference section */
		3EF66CD0278D5D4500E48C09 /* XCRemoteSwiftPackageReference "TweeTextField" */ = {
			isa = XCRemoteSwiftPackageReference;
			repositoryURL = "https://github.com/oleghnidets/TweeTextField.git";
			requirement = {
				kind = upToNextMajorVersion;
				minimumVersion = 1.0.0;
			};
		};
/* End XCRemoteSwiftPackageReference section */

/* Begin XCSwiftPackageProductDependency section */
		3EF66CD1278D5D4500E48C09 /* TweeTextField */ = {
			isa = XCSwiftPackageProductDependency;
			package = 3EF66CD0278D5D4500E48C09 /* XCRemoteSwiftPackageReference "TweeTextField" */;
			productName = TweeTextField;
		};
/* End XCSwiftPackageProductDependency section */
	};
	rootObject = 3EF66CB1278D5CFD00E48C09 /* Project object */;
}
